
Microsoft Visual Studio Solution File, Format Version 12.00
Project("{FAE04EC0-301F-11D3-BF4B-00C04F79EFBC}") = "NativeCharts", "NativeCharts\NativeCharts.csproj", "{77B6762E-4BF8-4B40-90A8-5DEE002AFD78}"
EndProject
Project("{FAE04EC0-301F-11D3-BF4B-00C04F79EFBC}") = "Demo", "Demo\Demo.csproj", "{93BAB704-CA5A-47BC-9193-18050145E79A}"
EndProject
Global
	GlobalSection(SolutionConfigurationPlatforms) = preSolution
		Debug|Any CPU = Debug|Any CPU
		Release|Any CPU = Release|Any CPU
	EndGlobalSection
	GlobalSection(ProjectConfigurationPlatforms) = postSolution
		{77B6762E-4BF8-4B40-90A8-5DEE002AFD78}.Debug|Any CPU.ActiveCfg = Debug|Any CPU
		{77B6762E-4BF8-4B40-90A8-5DEE002AFD78}.Debug|Any CPU.Build.0 = Debug|Any CPU
		{77B6762E-4BF8-4B40-90A8-5DEE002AFD78}.Release|Any CPU.ActiveCfg = Release|Any CPU
		{77B6762E-4BF8-4B40-90A8-5DEE002AFD78}.Release|Any CPU.Build.0 = Release|Any CPU
		{93BAB704-CA5A-47BC-9193-18050145E79A}.Debug|Any CPU.ActiveCfg = Debug|Any CPU
		{93BAB704-CA5A-47BC-9193-18050145E79A}.Debug|Any CPU.Build.0 = Debug|Any CPU
		{93BAB704-CA5A-47BC-9193-18050145E79A}.Release|Any CPU.ActiveCfg = Release|Any CPU
		{93BAB704-CA5A-47BC-9193-18050145E79A}.Release|Any CPU.Build.0 = Release|Any CPU
	EndGlobalSection
EndGlobal
